Microsoft Visual Studio Solution File, Format Version 12.00
# Visual Studio 15
VisualStudioVersion = 15.0.26730.16
MinimumVisualStudioVersion = 10.0.40219.1
Project("{9A19103F-16F7-4668-BE54-9A1E7A4F7556}") = "SqliteDemo.CommandBuilder", "SqliteDemo.CommandBuilder\SqliteDemo.CommandBuilder.csproj", "{E138270B-84B3-4A0C-82E6-CE283F9D53EA}"
EndProject
Project("{9A19103F-16F7-4668-BE54-9A1E7A4F7556}") = "SqliteDemo.DataAdapter", "SqliteDemo.DataAdapter\SqliteDemo.DataAdapter.csproj", "{424DF75E-B560-41A7-ACEF-ABFDB620F8EA}"
EndProject
Project("{9A19103F-16F7-4668-BE54-9A1E7A4F7556}") = "SqliteDemo.WebApi", "SqliteDemo.WebApi\SqliteDemo.WebApi.csproj", "{B71A1BCB-9BCD-4385-9D12-2710DE030A2C}"
EndProject
Project("{9A19103F-16F7-4668-BE54-9A1E7A4F7556}") = "SqliteDemo.MVCApplication", "SqliteDemo.MVCApplication\SqliteDemo.MVCApplication.csproj", "{C26E59A1-E085-45DF-8AD2-E7C2810AC1D8}"
EndProject
Project("{9A19103F-16F7-4668-BE54-9A1E7A4F7556}") = "MySqlDemo.DbMetadata", "MySqlDemo.DbMetadata\MySqlDemo.DbMetadata.csproj", "{2B8EB4B6-4896-4970-B5EA-6D324824A541}"
EndProject
Project("{9A19103F-16F7-4668-BE54-9A1E7A4F7556}") = "SqliteDemo.GraphQLAPI", "SqliteDemo.GraphQLApi\SqliteDemo.GraphQLAPI.csproj", "{F79B488D-8779-4FE9-B27D-617F9A431739}"
EndProject
Project("{9A19103F-16F7-4668-BE54-9A1E7A4F7556}") = "SqliteDemo.SqlLogging", "SqliteDemo.SqlLogging\SqliteDemo.SqlLogging.csproj", "{B9C42268-CBEF-46CF-A44B-ADC01737F67E}"
EndProject
Project("{FAE04EC0-301F-11D3-BF4B-00C04F79EFBC}") = "DataSetGenericDataAdapter", "DataSetGenericDataAdapter\DataSetGenericDataAdapter.csproj", "{B48FD072-C587-4387-9625-6F67B328C42E}"
EndProject
Global
	GlobalSection(SolutionConfigurationPlatforms) = preSolution
		Debug|Any CPU = Debug|Any CPU
		Debug|x64 = Debug|x64
		Debug|x86 = Debug|x86
		Release|Any CPU = Release|Any CPU
		Release|x64 = Release|x64
		Release|x86 = Release|x86
	EndGlobalSection
	GlobalSection(ProjectConfigurationPlatforms) = postSolution
		{E138270B-84B3-4A0C-82E6-CE283F9D53EA}.Debug|Any CPU.ActiveCfg = Debug|Any CPU
		{E138270B-84B3-4A0C-82E6-CE283F9D53EA}.Debug|Any CPU.Build.0 = Debug|Any CPU
		{E138270B-84B3-4A0C-82E6-CE283F9D53EA}.Debug|x64.ActiveCfg = Debug|Any CPU
		{E138270B-84B3-4A0C-82E6-CE283F9D53EA}.Debug|x64.Build.0 = Debug|Any CPU
		{E138270B-84B3-4A0C-82E6-CE283F9D53EA}.Debug|x86.ActiveCfg = Debug|Any CPU
		{E138270B-84B3-4A0C-82E6-CE283F9D53EA}.Debug|x86.Build.0 = Debug|Any CPU
		{E138270B-84B3-4A0C-82E6-CE283F9D53EA}.Release|Any CPU.ActiveCfg = Release|Any CPU
		{E138270B-84B3-4A0C-82E6-CE283F9D53EA}.Release|Any CPU.Build.0 = Release|Any CPU
		{E138270B-84B3-4A0C-82E6-CE283F9D53EA}.Release|x64.ActiveCfg = Release|Any CPU
		{E138270B-84B3-4A0C-82E6-CE283F9D53EA}.Release|x64.Build.0 = Release|Any CPU
		{E138270B-84B3-4A0C-82E6-CE283F9D53EA}.Release|x86.ActiveCfg = Release|Any CPU
		{E138270B-84B3-4A0C-82E6-CE283F9D53EA}.Release|x86.Build.0 = Release|Any CPU
		{424DF75E-B560-41A7-ACEF-ABFDB620F8EA}.Debug|Any CPU.ActiveCfg = Debug|Any CPU
		{424DF75E-B560-41A7-ACEF-ABFDB620F8EA}.Debug|Any CPU.Build.0 = Debug|Any CPU
		{424DF75E-B560-41A7-ACEF-ABFDB620F8EA}.Debug|x64.ActiveCfg = Debug|Any CPU
		{424DF75E-B560-41A7-ACEF-ABFDB620F8EA}.Debug|x64.Build.0 = Debug|Any CPU
		{424DF75E-B560-41A7-ACEF-ABFDB620F8EA}.Debug|x86.ActiveCfg = Debug|Any CPU
		{424DF75E-B560-41A7-ACEF-ABFDB620F8EA}.Debug|x86.Build.0 = Debug|Any CPU
		{424DF75E-B560-41A7-ACEF-ABFDB620F8EA}.Release|Any CPU.ActiveCfg = Release|Any CPU
		{424DF75E-B560-41A7-ACEF-ABFDB620F8EA}.Release|Any CPU.Build.0 = Release|Any CPU
		{424DF75E-B560-41A7-ACEF-ABFDB620F8EA}.Release|x64.ActiveCfg = Release|Any CPU
		{424DF75E-B560-41A7-ACEF-ABFDB620F8EA}.Release|x64.Build.0 = Release|Any CPU
		{424DF75E-B560-41A7-ACEF-ABFDB620F8EA}.Release|x86.ActiveCfg = Release|Any CPU
		{424DF75E-B560-41A7-ACEF-ABFDB620F8EA}.Release|x86.Build.0 = Release|Any CPU
		{B71A1BCB-9BCD-4385-9D12-2710DE030A2C}.Debug|Any CPU.ActiveCfg = Debug|Any CPU
		{B71A1BCB-9BCD-4385-9D12-2710DE030A2C}.Debug|Any CPU.Build.0 = Debug|Any CPU
		{B71A1BCB-9BCD-4385-9D12-2710DE030A2C}.Debug|x64.ActiveCfg = Debug|Any CPU
		{B71A1BCB-9BCD-4385-9D12-2710DE030A2C}.Debug|x64.Build.0 = Debug|Any CPU
		{B71A1BCB-9BCD-4385-9D12-2710DE030A2C}.Debug|x86.ActiveCfg = Debug|Any CPU
		{B71A1BCB-9BCD-4385-9D12-2710DE030A2C}.Debug|x86.Build.0 = Debug|Any CPU
		{B71A1BCB-9BCD-4385-9D12-2710DE030A2C}.Release|Any CPU.ActiveCfg = Release|Any CPU
		{B71A1BCB-9BCD-4385-9D12-2710DE030A2C}.Release|Any CPU.Build.0 = Release|Any CPU
		{B71A1BCB-9BCD-4385-9D12-2710DE030A2C}.Release|x64.ActiveCfg = Release|Any CPU
		{B71A1BCB-9BCD-4385-9D12-2710DE030A2C}.Release|x64.Build.0 = Release|Any CPU
		{B71A1BCB-9BCD-4385-9D12-2710DE030A2C}.Release|x86.ActiveCfg = Release|Any CPU
		{B71A1BCB-9BCD-4385-9D12-2710DE030A2C}.Release|x86.Build.0 = Release|Any CPU
		{C26E59A1-E085-45DF-8AD2-E7C2810AC1D8}.Debug|Any CPU.ActiveCfg = Debug|Any CPU
		{C26E59A1-E085-45DF-8AD2-E7C2810AC1D8}.Debug|Any CPU.Build.0 = Debug|Any CPU
		{C26E59A1-E085-45DF-8AD2-E7C2810AC1D8}.Debug|x64.ActiveCfg = Debug|Any CPU
		{C26E59A1-E085-45DF-8AD2-E7C2810AC1D8}.Debug|x64.Build.0 = Debug|Any CPU
		{C26E59A1-E085-45DF-8AD2-E7C2810AC1D8}.Debug|x86.ActiveCfg = Debug|Any CPU
		{C26E59A1-E085-45DF-8AD2-E7C2810AC1D8}.Debug|x86.Build.0 = Debug|Any CPU
		{C26E59A1-E085-45DF-8AD2-E7C2810AC1D8}.Release|Any CPU.ActiveCfg = Release|Any CPU
		{C26E59A1-E085-45DF-8AD2-E7C2810AC1D8}.Release|Any CPU.Build.0 = Release|Any CPU
		{C26E59A1-E085-45DF-8AD2-E7C2810AC1D8}.Release|x64.ActiveCfg = Release|Any CPU
		{C26E59A1-E085-45DF-8AD2-E7C2810AC1D8}.Release|x64.Build.0 = Release|Any CPU
		{C26E59A1-E085-45DF-8AD2-E7C2810AC1D8}.Release|x86.ActiveCfg = Release|Any CPU
		{C26E59A1-E085-45DF-8AD2-E7C2810AC1D8}.Release|x86.Build.0 = Release|Any CPU
		{2B8EB4B6-4896-4970-B5EA-6D324824A541}.Debug|Any CPU.ActiveCfg = Debug|Any CPU
		{2B8EB4B6-4896-4970-B5EA-6D324824A541}.Debug|Any CPU.Build.0 = Debug|Any CPU
		{2B8EB4B6-4896-4970-B5EA-6D324824A541}.Debug|x64.ActiveCfg = Debug|Any CPU
		{2B8EB4B6-4896-4970-B5EA-6D324824A541}.Debug|x64.Build.0 = Debug|Any CPU
		{2B8EB4B6-4896-4970-B5EA-6D324824A541}.Debug|x86.ActiveCfg = Debug|Any CPU
		{2B8EB4B6-4896-4970-B5EA-6D324824A541}.Debug|x86.Build.0 = Debug|Any CPU
		{2B8EB4B6-4896-4970-B5EA-6D324824A541}.Release|Any CPU.ActiveCfg = Release|Any CPU
		{2B8EB4B6-4896-4970-B5EA-6D324824A541}.Release|Any CPU.Build.0 = Release|Any CPU
		{2B8EB4B6-4896-4970-B5EA-6D324824A541}.Release|x64.ActiveCfg = Release|Any CPU
		{2B8EB4B6-4896-4970-B5EA-6D324824A541}.Release|x64.Build.0 = Release|Any CPU
		{2B8EB4B6-4896-4970-B5EA-6D324824A541}.Release|x86.ActiveCfg = Release|Any CPU
		{2B8EB4B6-4896-4970-B5EA-6D324824A541}.Release|x86.Build.0 = Release|Any CPU
		{F79B488D-8779-4FE9-B27D-617F9A431739}.Debug|Any CPU.ActiveCfg = Debug|Any CPU
		{F79B488D-8779-4FE9-B27D-617F9A431739}.Debug|Any CPU.Build.0 = Debug|Any CPU
		{F79B488D-8779-4FE9-B27D-617F9A431739}.Debug|x64.ActiveCfg = Debug|Any CPU
		{F79B488D-8779-4FE9-B27D-617F9A431739}.Debug|x64.Build.0 = Debug|Any CPU
		{F79B488D-8779-4FE9-B27D-617F9A431739}.Debug|x86.ActiveCfg = Debug|Any CPU
		{F79B488D-8779-4FE9-B27D-617F9A431739}.Debug|x86.Build.0 = Debug|Any CPU
		{F79B488D-8779-4FE9-B27D-617F9A431739}.Release|Any CPU.ActiveCfg = Release|Any CPU
		{F79B488D-8779-4FE9-B27D-617F9A431739}.Release|Any CPU.Build.0 = Release|Any CPU
		{F79B488D-8779-4FE9-B27D-617F9A431739}.Release|x64.ActiveCfg = Release|Any CPU
		{F79B488D-8779-4FE9-B27D-617F9A431739}.Release|x64.Build.0 = Release|Any CPU
		{F79B488D-8779-4FE9-B27D-617F9A431739}.Release|x86.ActiveCfg = Release|Any CPU
		{F79B488D-8779-4FE9-B27D-617F9A431739}.Release|x86.Build.0 = Release|Any CPU
		{B9C42268-CBEF-46CF-A44B-ADC01737F67E}.Debug|Any CPU.ActiveCfg = Debug|Any CPU
		{B9C42268-CBEF-46CF-A44B-ADC01737F67E}.Debug|Any CPU.Build.0 = Debug|Any CPU
		{B9C42268-CBEF-46CF-A44B-ADC01737F67E}.Debug|x64.ActiveCfg = Debug|Any CPU
		{B9C42268-CBEF-46CF-A44B-ADC01737F67E}.Debug|x64.Build.0 = Debug|Any CPU
		{B9C42268-CBEF-46CF-A44B-ADC01737F67E}.Debug|x86.ActiveCfg = Debug|Any CPU
		{B9C42268-CBEF-46CF-A44B-ADC01737F67E}.Debug|x86.Build.0 = Debug|Any CPU
		{B9C42268-CBEF-46CF-A44B-ADC01737F67E}.Release|Any CPU.ActiveCfg = Release|Any CPU
		{B9C42268-CBEF-46CF-A44B-ADC01737F67E}.Release|Any CPU.Build.0 = Release|Any CPU
		{B9C42268-CBEF-46CF-A44B-ADC01737F67E}.Release|x64.ActiveCfg = Release|Any CPU
		{B9C42268-CBEF-46CF-A44B-ADC01737F67E}.Release|x64.Build.0 = Release|Any CPU
		{B9C42268-CBEF-46CF-A44B-ADC01737F67E}.Release|x86.ActiveCfg = Release|Any CPU
		{B9C42268-CBEF-46CF-A44B-ADC01737F67E}.Release|x86.Build.0 = Release|Any CPU
		{B48FD072-C587-4387-9625-6F67B328C42E}.Debug|Any CPU.ActiveCfg = Debug|Any CPU
		{B48FD072-C587-4387-9625-6F67B328C42E}.Debug|Any CPU.Build.0 = Debug|Any CPU
		{B48FD072-C587-4387-9625-6F67B328C42E}.Debug|x64.ActiveCfg = Debug|Any CPU
		{B48FD072-C587-4387-9625-6F67B328C42E}.Debug|x64.Build.0 = Debug|Any CPU
		{B48FD072-C587-4387-9625-6F67B328C42E}.Debug|x86.ActiveCfg = Debug|Any CPU
		{B48FD072-C587-4387-9625-6F67B328C42E}.Debug|x86.Build.0 = Debug|Any CPU
		{B48FD072-C587-4387-9625-6F67B328C42E}.Release|Any CPU.ActiveCfg = Release|Any CPU
		{B48FD072-C587-4387-9625-6F67B328C42E}.Release|Any CPU.Build.0 = Release|Any CPU
		{B48FD072-C587-4387-9625-6F67B328C42E}.Release|x64.ActiveCfg = Release|Any CPU
		{B48FD072-C587-4387-9625-6F67B328C42E}.Release|x64.Build.0 = Release|Any CPU
		{B48FD072-C587-4387-9625-6F67B328C42E}.Release|x86.ActiveCfg = Release|Any CPU
		{B48FD072-C587-4387-9625-6F67B328C42E}.Release|x86.Build.0 = Release|Any CPU
	EndGlobalSection
	GlobalSection(SolutionProperties) = preSolution
		HideSolutionNode = FALSE
	EndGlobalSection
	GlobalSection(ExtensibilityGlobals) = postSolution
		SolutionGuid = {53B4C967-C2C7-4D78-AD74-EF496B12AA94}
	EndGlobalSection
EndGlobal
